
Microsoft Visual Studio Solution File, Format Version 12.00
# Visual Studio 15
VisualStudioVersion = 15.0.27703.2035
MinimumVisualStudioVersion = 10.0.40219.1
Project("{FAE04EC0-301F-11D3-BF4B-00C04F79EFBC}") = "Game1", "Game1\Game1.csproj", "{AEAB94DE-0896-441B-A2E3-C5683541F617}"
EndProject
Global
	GlobalSection(SolutionConfigurationPlatforms) = preSolution
		Debug|Any CPU = Debug|Any CPU
		Release|Any CPU = Release|Any CPU
	EndGlobalSection
	GlobalSection(ProjectConfigurationPlatforms) = postSolution
		{AEAB94DE-0896-441B-A2E3-C5683541F617}.Debug|Any CPU.ActiveCfg = Debug|Any CPU
		{AEAB94DE-0896-441B-A2E3-C5683541F617}.Debug|Any CPU.Build.0 = Debug|Any CPU
		{AEAB94DE-0896-441B-A2E3-C5683541F617}.Release|Any CPU.ActiveCfg = Release|Any CPU
		{AEAB94DE-0896-441B-A2E3-C5683541F617}.Release|Any CPU.Build.0 = Release|Any CPU
	EndGlobalSection
	GlobalSection(SolutionProperties) = preSolution
		HideSolutionNode = FALSE
	EndGlobalSection
	GlobalSection(ExtensibilityGlobals) = postSolution
		SolutionGuid = {456941BB-438F-4C5C-98D3-E1FD7390121F}
	EndGlobalSection
EndGlobal
